PODS:
  - Flutter (1.0.0)
  - flutter_swish_payment (0.0.1):
    - Flutter

DEPENDENCIES:
  - Flutter (from `Flutter`)
  - flutter_swish_payment (from `.symlinks/plugins/flutter_swish_payment/ios`)

EXTERNAL SOURCES:
  Flutter:
    :path: Flutter
  flutter_swish_payment:
    :path: ".symlinks/plugins/flutter_swish_payment/ios"

SPEC CHECKSUMS:
  Flutter: 0e3d915762c693b495b44d77113d4970485de6ec
  flutter_swish_payment: 71990e15c32bd7da1222d64ff931f10b91b68229

PODFILE CHECKSUM: c34e2287a9ccaa606aeceab922830efb9a6ff69a

COCOAPODS: 1.9.3
